
Microsoft Visual Studio Solution File, Format Version 12.00
# Visual Studio Version 17
VisualStudioVersion = 17.10.35122.118
MinimumVisualStudioVersion = 10.0.40219.1
Project("{FAE04EC0-301F-11D3-BF4B-00C04F79EFBC}") = "notas4", "notas4\notas4.csproj", "{C163B397-08B5-4FA8-857E-E69A528C7FD5}"
EndProject
Global
	GlobalSection(SolutionConfigurationPlatforms) = preSolution
		Debug|Any CPU = Debug|Any CPU
		Release|Any CPU = Release|Any CPU
	EndGlobalSection
	GlobalSection(ProjectConfigurationPlatforms) = postSolution
		{C163B397-08B5-4FA8-857E-E69A528C7FD5}.Debug|Any CPU.ActiveCfg = Debug|Any CPU
		{C163B397-08B5-4FA8-857E-E69A528C7FD5}.Debug|Any CPU.Build.0 = Debug|Any CPU
		{C163B397-08B5-4FA8-857E-E69A528C7FD5}.Release|Any CPU.ActiveCfg = Release|Any CPU
		{C163B397-08B5-4FA8-857E-E69A528C7FD5}.Release|Any CPU.Build.0 = Release|Any CPU
	EndGlobalSection
	GlobalSection(SolutionProperties) = preSolution
		HideSolutionNode = FALSE
	EndGlobalSection
	GlobalSection(ExtensibilityGlobals) = postSolution
		SolutionGuid = {2DAF9ED5-5592-450C-A0A8-E820CDEF6EF2}
	EndGlobalSection
EndGlobal
